
Microsoft Visual Studio Solution File, Format Version 12.00
# Visual Studio Version 16
VisualStudioVersion = 16.0.32228.343
MinimumVisualStudioVersion = 10.0.40219.1
Project("{FAE04EC0-301F-11D3-BF4B-00C04F79EFBC}") = "AuthSystem", "AuthSystem\AuthSystem.csproj", "{4A7B873D-912E-4B00-962A-3CB3EF936C6F}"
EndProject
Global
	GlobalSection(SolutionConfigurationPlatforms) = preSolution
		Debug|Any CPU = Debug|Any CPU
		Release|Any CPU = Release|Any CPU
	EndGlobalSection
	GlobalSection(ProjectConfigurationPlatforms) = postSolution
		{4A7B873D-912E-4B00-962A-3CB3EF936C6F}.Debug|Any CPU.ActiveCfg = Debug|Any CPU
		{4A7B873D-912E-4B00-962A-3CB3EF936C6F}.Debug|Any CPU.Build.0 = Debug|Any CPU
		{4A7B873D-912E-4B00-962A-3CB3EF936C6F}.Release|Any CPU.ActiveCfg = Release|Any CPU
		{4A7B873D-912E-4B00-962A-3CB3EF936C6F}.Release|Any CPU.Build.0 = Release|Any CPU
	EndGlobalSection
	GlobalSection(SolutionProperties) = preSolution
		HideSolutionNode = FALSE
	EndGlobalSection
	GlobalSection(ExtensibilityGlobals) = postSolution
		SolutionGuid = {C5BD062D-F351-4BE3-8E98-CE9474A4718A}
	EndGlobalSection
EndGlobal
